
Microsoft Visual Studio Solution File, Format Version 12.00
# Visual Studio 2013
VisualStudioVersion = 12.0.21005.1
MinimumVisualStudioVersion = 10.0.40219.1
Project("{FAE04EC0-301F-11D3-BF4B-00C04F79EFBC}") = "GUI", "GUI\GUI.csproj", "{01819CCD-5C9E-49A4-8886-D0E14002745A}"
EndProject
Project("{FAE04EC0-301F-11D3-BF4B-00C04F79EFBC}") = "DAL", "DAL\DAL.csproj", "{0F2CD0C6-4A26-43BF-B0DA-76D8759459EC}"
EndProject
Project("{FAE04EC0-301F-11D3-BF4B-00C04F79EFBC}") = "BLL", "BLL\BLL.csproj", "{345BE155-5455-441C-9796-5E7F08438A38}"
EndProject
Global
	GlobalSection(SolutionConfigurationPlatforms) = preSolution
		Debug|Any CPU = Debug|Any CPU
		Release|Any CPU = Release|Any CPU
	EndGlobalSection
	GlobalSection(ProjectConfigurationPlatforms) = postSolution
		{01819CCD-5C9E-49A4-8886-D0E14002745A}.Debug|Any CPU.ActiveCfg = Debug|Any CPU
		{01819CCD-5C9E-49A4-8886-D0E14002745A}.Debug|Any CPU.Build.0 = Debug|Any CPU
		{01819CCD-5C9E-49A4-8886-D0E14002745A}.Release|Any CPU.ActiveCfg = Release|Any CPU
		{01819CCD-5C9E-49A4-8886-D0E14002745A}.Release|Any CPU.Build.0 = Release|Any CPU
		{0F2CD0C6-4A26-43BF-B0DA-76D8759459EC}.Debug|Any CPU.ActiveCfg = Debug|Any CPU
		{0F2CD0C6-4A26-43BF-B0DA-76D8759459EC}.Debug|Any CPU.Build.0 = Debug|Any CPU
		{0F2CD0C6-4A26-43BF-B0DA-76D8759459EC}.Release|Any CPU.ActiveCfg = Release|Any CPU
		{0F2CD0C6-4A26-43BF-B0DA-76D8759459EC}.Release|Any CPU.Build.0 = Release|Any CPU
		{345BE155-5455-441C-9796-5E7F08438A38}.Debug|Any CPU.ActiveCfg = Debug|Any CPU
		{345BE155-5455-441C-9796-5E7F08438A38}.Debug|Any CPU.Build.0 = Debug|Any CPU
		{345BE155-5455-441C-9796-5E7F08438A38}.Release|Any CPU.ActiveCfg = Release|Any CPU
		{345BE155-5455-441C-9796-5E7F08438A38}.Release|Any CPU.Build.0 = Release|Any CPU
	EndGlobalSection
	GlobalSection(SolutionProperties) = preSolution
		HideSolutionNode = FALSE
	EndGlobalSection
EndGlobal
